
Microsoft Visual Studio Solution File, Format Version 12.00
# Visual Studio 15
VisualStudioVersion = 15.0.28307.539
MinimumVisualStudioVersion = 10.0.40219.1
Project("{FAE04EC0-301F-11D3-BF4B-00C04F79EFBC}") = "Пятнашки", "Пятнашки\Пятнашки.csproj", "{397B1959-A48F-4932-88E4-687590A32CDF}"
EndProject
Global
	GlobalSection(SolutionConfigurationPlatforms) = preSolution
		Debug|Any CPU = Debug|Any CPU
		Release|Any CPU = Release|Any CPU
	EndGlobalSection
	GlobalSection(ProjectConfigurationPlatforms) = postSolution
		{397B1959-A48F-4932-88E4-687590A32CDF}.Debug|Any CPU.ActiveCfg = Debug|Any CPU
		{397B1959-A48F-4932-88E4-687590A32CDF}.Debug|Any CPU.Build.0 = Debug|Any CPU
		{397B1959-A48F-4932-88E4-687590A32CDF}.Release|Any CPU.ActiveCfg = Release|Any CPU
		{397B1959-A48F-4932-88E4-687590A32CDF}.Release|Any CPU.Build.0 = Release|Any CPU
	EndGlobalSection
	GlobalSection(SolutionProperties) = preSolution
		HideSolutionNode = FALSE
	EndGlobalSection
	GlobalSection(ExtensibilityGlobals) = postSolution
		SolutionGuid = {259BCB3C-91C9-4DEB-AB3C-2A633E1F770F}
	EndGlobalSection
EndGlobal
